{
  "name": "git_train",
  "version": "1.0.0",
  "lockfileVersion": 2,
  "requires": true,
  "packages": {
    "": {
      "name": "git_train",
      "version": "1.0.0",
      "license": "ISC",
      "dependencies": {
        "@gitgraph/js": "^1.4.0"
      }
    },
    "node_modules/@gitgraph/core": {
      "version": "1.5.0",
      "resolved": "https://registry.npmjs.org/@gitgraph/core/-/core-1.5.0.tgz",
      "integrity": "sha512-8CeeHbkKoFHM1y9vfjYiHyEpzl1mEhVrg5c/eFgDBsntOYswoDKU2yOf6DjtVINcE60wmcuynBSJqjMkQo07Ww=="
    },
    "node_modules/@gitgraph/js": {
      "version": "1.4.0",
      "resolved": "https://registry.npmjs.org/@gitgraph/js/-/js-1.4.0.tgz",
      "integrity": "sha512-7wxTTCFnRVjsqj+Zt09+3F79WhH4MK46ZS20AwbcB/MJFshSMeMH4nYmNDPa9McVsiL+cFsvW1pmZoquAOoHMw==",
      "dependencies": {
        "@gitgraph/core": "1.5.0"
      }
    }
  },
  "dependencies": {
    "@gitgraph/core": {
      "version": "1.5.0",
      "resolved": "https://registry.npmjs.org/@gitgraph/core/-/core-1.5.0.tgz",
      "integrity": "sha512-8CeeHbkKoFHM1y9vfjYiHyEpzl1mEhVrg5c/eFgDBsntOYswoDKU2yOf6DjtVINcE60wmcuynBSJqjMkQo07Ww=="
    },
    "@gitgraph/js": {
      "version": "1.4.0",
      "resolved": "https://registry.npmjs.org/@gitgraph/js/-/js-1.4.0.tgz",
      "integrity": "sha512-7wxTTCFnRVjsqj+Zt09+3F79WhH4MK46ZS20AwbcB/MJFshSMeMH4nYmNDPa9McVsiL+cFsvW1pmZoquAOoHMw==",
      "requires": {
        "@gitgraph/core": "1.5.0"
      }
    }
  }
}
